
Microsoft Visual Studio Solution File, Format Version 12.00
# Visual Studio 15
Project("{FAE04EC0-301F-11D3-BF4B-00C04F79EFBC}") = "Assembly-CSharp", "Assembly-CSharp.csproj", "{72FD26E7-941A-F532-88D3-DAC0F0325533}"
EndProject
Global
	GlobalSection(SolutionConfigurationPlatforms) = preSolution
		Debug|Any CPU = Debug|Any CPU
		Release|Any CPU = Release|Any CPU
	EndGlobalSection
	GlobalSection(ProjectConfigurationPlatforms) = postSolution
		{72FD26E7-941A-F532-88D3-DAC0F0325533}.Debug|Any CPU.ActiveCfg = Debug|Any CPU
		{72FD26E7-941A-F532-88D3-DAC0F0325533}.Debug|Any CPU.Build.0 = Debug|Any CPU
		{72FD26E7-941A-F532-88D3-DAC0F0325533}.Release|Any CPU.ActiveCfg = Release|Any CPU
		{72FD26E7-941A-F532-88D3-DAC0F0325533}.Release|Any CPU.Build.0 = Release|Any CPU
	EndGlobalSection
	GlobalSection(SolutionProperties) = preSolution
		HideSolutionNode = FALSE
	EndGlobalSection
EndGlobal
