
Microsoft Visual Studio Solution File, Format Version 12.00
# Visual Studio 16
Project("{FAE04EC0-301F-11D3-BF4B-00C04F79EFBC}") = "Assembly-CSharp", "Assembly-CSharp.csproj", "{F531C584-2D07-9A50-DF49-1CE64C18B572}"
EndProject
Project("{FAE04EC0-301F-11D3-BF4B-00C04F79EFBC}") = "Assembly-CSharp-Editor-firstpass", "Assembly-CSharp-Editor-firstpass.csproj", "{3FD3DDCF-B547-2968-492D-4F92D57D80E6}"
EndProject
Global
	GlobalSection(SolutionConfigurationPlatforms) = preSolution
		Debug|Any CPU = Debug|Any CPU
		Release|Any CPU = Release|Any CPU
	EndGlobalSection
	GlobalSection(ProjectConfigurationPlatforms) = postSolution
		{F531C584-2D07-9A50-DF49-1CE64C18B572}.Debug|Any CPU.ActiveCfg = Debug|Any CPU
		{F531C584-2D07-9A50-DF49-1CE64C18B572}.Debug|Any CPU.Build.0 = Debug|Any CPU
		{F531C584-2D07-9A50-DF49-1CE64C18B572}.Release|Any CPU.ActiveCfg = Release|Any CPU
		{F531C584-2D07-9A50-DF49-1CE64C18B572}.Release|Any CPU.Build.0 = Release|Any CPU
		{3FD3DDCF-B547-2968-492D-4F92D57D80E6}.Debug|Any CPU.ActiveCfg = Debug|Any CPU
		{3FD3DDCF-B547-2968-492D-4F92D57D80E6}.Debug|Any CPU.Build.0 = Debug|Any CPU
		{3FD3DDCF-B547-2968-492D-4F92D57D80E6}.Release|Any CPU.ActiveCfg = Release|Any CPU
		{3FD3DDCF-B547-2968-492D-4F92D57D80E6}.Release|Any CPU.Build.0 = Release|Any CPU
	EndGlobalSection
	GlobalSection(SolutionProperties) = preSolution
		HideSolutionNode = FALSE
	EndGlobalSection
EndGlobal
